
Microsoft Visual Studio Solution File, Format Version 12.00
# Visual Studio Version 16
VisualStudioVersion = 16.0.30104.148
MinimumVisualStudioVersion = 10.0.40219.1
Project("{888888A0-9F3D-457C-B088-3A5042F75D52}") = "listMerge", "listMerge.pyproj", "{47C18446-42F0-4241-AE13-35CE5F335FE1}"
EndProject
Global
	GlobalSection(SolutionConfigurationPlatforms) = preSolution
		Debug|Any CPU = Debug|Any CPU
		Release|Any CPU = Release|Any CPU
	EndGlobalSection
	GlobalSection(ProjectConfigurationPlatforms) = postSolution
		{47C18446-42F0-4241-AE13-35CE5F335FE1}.Debug|Any CPU.ActiveCfg = Debug|Any CPU
		{47C18446-42F0-4241-AE13-35CE5F335FE1}.Release|Any CPU.ActiveCfg = Release|Any CPU
	EndGlobalSection
	GlobalSection(SolutionProperties) = preSolution
		HideSolutionNode = FALSE
	EndGlobalSection
	GlobalSection(ExtensibilityGlobals) = postSolution
		SolutionGuid = {1213C802-2B7A-4AB7-896B-7B9FACFF5507}
	EndGlobalSection
EndGlobal
